
Microsoft Visual Studio Solution File, Format Version 12.00
# Visual Studio Version 16
VisualStudioVersion = 16.0.31624.102
MinimumVisualStudioVersion = 10.0.40219.1
Project("{FAE04EC0-301F-11D3-BF4B-00C04F79EFBC}") = "array_simples_numerico", "array_simples_numerico\array_simples_numerico.csproj", "{A76F2004-8288-4E64-8847-BB913F58A063}"
EndProject
Global
	GlobalSection(SolutionConfigurationPlatforms) = preSolution
		Debug|Any CPU = Debug|Any CPU
		Release|Any CPU = Release|Any CPU
	EndGlobalSection
	GlobalSection(ProjectConfigurationPlatforms) = postSolution
		{A76F2004-8288-4E64-8847-BB913F58A063}.Debug|Any CPU.ActiveCfg = Debug|Any CPU
		{A76F2004-8288-4E64-8847-BB913F58A063}.Debug|Any CPU.Build.0 = Debug|Any CPU
		{A76F2004-8288-4E64-8847-BB913F58A063}.Release|Any CPU.ActiveCfg = Release|Any CPU
		{A76F2004-8288-4E64-8847-BB913F58A063}.Release|Any CPU.Build.0 = Release|Any CPU
	EndGlobalSection
	GlobalSection(SolutionProperties) = preSolution
		HideSolutionNode = FALSE
	EndGlobalSection
	GlobalSection(ExtensibilityGlobals) = postSolution
		SolutionGuid = {61EA7D02-C66B-4D9E-B056-7EDCD6EBF8F1}
	EndGlobalSection
EndGlobal
