
Microsoft Visual Studio Solution File, Format Version 12.00
# Visual Studio Version 16
VisualStudioVersion = 16.0.31624.102
MinimumVisualStudioVersion = 10.0.40219.1
Project("{FAE04EC0-301F-11D3-BF4B-00C04F79EFBC}") = "Program", "Program\Program.csproj", "{D6C26ED3-7887-435F-9539-E07D658E70BA}"
EndProject
Global
	GlobalSection(SolutionConfigurationPlatforms) = preSolution
		Debug|Any CPU = Debug|Any CPU
		Release|Any CPU = Release|Any CPU
	EndGlobalSection
	GlobalSection(ProjectConfigurationPlatforms) = postSolution
		{D6C26ED3-7887-435F-9539-E07D658E70BA}.Debug|Any CPU.ActiveCfg = Debug|Any CPU
		{D6C26ED3-7887-435F-9539-E07D658E70BA}.Debug|Any CPU.Build.0 = Debug|Any CPU
		{D6C26ED3-7887-435F-9539-E07D658E70BA}.Release|Any CPU.ActiveCfg = Release|Any CPU
		{D6C26ED3-7887-435F-9539-E07D658E70BA}.Release|Any CPU.Build.0 = Release|Any CPU
	EndGlobalSection
	GlobalSection(SolutionProperties) = preSolution
		HideSolutionNode = FALSE
	EndGlobalSection
	GlobalSection(ExtensibilityGlobals) = postSolution
		SolutionGuid = {2588B1B6-C66B-4397-A393-42D01AB881A9}
	EndGlobalSection
EndGlobal
